// !$*UTF8*$!
{
	archiveVersion = 1;
	classes = {
	};
	objectVersion = 46;
	objects = {

/* Begin PBXBuildFile section */
		532FEE4F1DB397DC0016226A /* AppDelegate.swift in Sources */ = {isa = PBXBuildFile; fileRef = 532FEE4E1DB397DC0016226A /* AppDelegate.swift */; };
		532FEE511DB397DC0016226A /* ViewController.swift in Sources */ = {isa = PBXBuildFile; fileRef = 532FEE501DB397DC0016226A /* ViewController.swift */; };
		532FEE541DB397DC0016226A /* Main.storyboard in Resources */ = {isa = PBXBuildFile; fileRef = 532FEE521DB397DC0016226A /* Main.storyboard */; };
		532FEE561DB397DC0016226A /* Assets.xcassets in Resources */ = {isa = PBXBuildFile; fileRef = 532FEE551DB397DC0016226A /* Assets.xcassets */; };
		532FEE591DB397DC0016226A /* LaunchScreen.storyboard in Resources */ = {isa = PBXBuildFile; fileRef = 532FEE571DB397DC0016226A /* LaunchScreen.storyboard */; };
		532FEE641DB397DC0016226A /* LinkversityTests.swift in Sources */ = {isa = PBXBuildFile; fileRef = 532FEE631DB397DC0016226A /* LinkversityTests.swift */; };
		532FEE6F1DB397DC0016226A /* LinkversityUITests.swift in Sources */ = {isa = PBXBuildFile; fileRef = 532FEE6E1DB397DC0016226A /* LinkversityUITests.swift */; };
		532FEE7D1DB39B890016226A /* Colors.swift in Sources */ = {isa = PBXBuildFile; fileRef = 532FEE7C1DB39B890016226A /* Colors.swift */; };
		5357C26B1DBB762800E86DB9 /* Palette.swift in Sources */ = {isa = PBXBuildFile; fileRef = 5357C2671DBB762800E86DB9 /* Palette.swift */; };
		5357C26C1DBB762800E86DB9 /* TwicketSegmentedControl.swift in Sources */ = {isa = PBXBuildFile; fileRef = 5357C2691DBB762800E86DB9 /* TwicketSegmentedControl.swift */; };
		5357C26D1DBB762800E86DB9 /* UIViewShadowExtension.swift in Sources */ = {isa = PBXBuildFile; fileRef = 5357C26A1DBB762800E86DB9 /* UIViewShadowExtension.swift */; };
		5357C26F1DBB940D00E86DB9 /* DetailViewController.swift in Sources */ = {isa = PBXBuildFile; fileRef = 5357C26E1DBB940D00E86DB9 /* DetailViewController.swift */; };
		536B33A01DBBCD8800F4D52A /* ReplyViewController.swift in Sources */ = {isa = PBXBuildFile; fileRef = 536B339F1DBBCD8800F4D52A /* ReplyViewController.swift */; };
		53A1F7A21DB3C6A5000EC481 /* FeedViewController.swift in Sources */ = {isa = PBXBuildFile; fileRef = 53A1F7A11DB3C6A5000EC481 /* FeedViewController.swift */; };
		53A1F7A41DB3C6B3000EC481 /* MessageViewController.swift in Sources */ = {isa = PBXBuildFile; fileRef = 53A1F7A31DB3C6B3000EC481 /* MessageViewController.swift */; };
		53A1F7A61DB3C6C1000EC481 /* ProfileViewController.swift in Sources */ = {isa = PBXBuildFile; fileRef = 53A1F7A51DB3C6C1000EC481 /* ProfileViewController.swift */; };
		53A1F7A81DB3CCA2000EC481 /* GoogleService-Info.plist in Resources */ = {isa = PBXBuildFile; fileRef = 53A1F7A71DB3CCA2000EC481 /* GoogleService-Info.plist */; };
		53A1F7A91DB3CCA2000EC481 /* GoogleService-Info.plist in Resources */ = {isa = PBXBuildFile; fileRef = 53A1F7A71DB3CCA2000EC481 /* GoogleService-Info.plist */; };
		53A1F7AA1DB3CCA2000EC481 /* GoogleService-Info.plist in Resources */ = {isa = PBXBuildFile; fileRef = 53A1F7A71DB3CCA2000EC481 /* GoogleService-Info.plist */; };
		53E654B81DB3D8360055C24B /* RegisterViewController.swift in Sources */ = {isa = PBXBuildFile; fileRef = 53E654B71DB3D8360055C24B /* RegisterViewController.swift */; };
		53E654BA1DB3DC6F0055C24B /* Spring.swift in Sources */ = {isa = PBXBuildFile; fileRef = 53E654B91DB3DC6F0055C24B /* Spring.swift */; };
		53E654BC1DB5496C0055C24B /* PostViewController.swift in Sources */ = {isa = PBXBuildFile; fileRef = 53E654BB1DB5496C0055C24B /* PostViewController.swift */; };
		9D7DBB361EAECE2C4CD70ECC /* Pods_Linkversity.framework in Frameworks */ = {isa = PBXBuildFile; fileRef = FB6A6D0E85ED387B6176A222 /* Pods_Linkversity.framework */; };
		C882DE6E6AD8BFC7961244E6 /* Pods_LinkversityTests.framework in Frameworks */ = {isa = PBXBuildFile; fileRef = 57DECB85DF219F264050A108 /* Pods_LinkversityTests.framework */; };
		CB2C37BD0A2AAF3E297E9D72 /* Pods_LinkversityUITests.framework in Frameworks */ = {isa = PBXBuildFile; fileRef = 2F00B87EA54DA864AAF72A55 /* Pods_LinkversityUITests.framework */; };
/* End PBXBuildFile section */

/* Begin PBXContainerItemProxy section */
		532FEE601DB397DC0016226A /* PBXContainerItemProxy */ = {
			isa = PBXContainerItemProxy;
			containerPortal = 532FEE431DB397DC0016226A /* Project object */;
			proxyType = 1;
			remoteGlobalIDString = 532FEE4A1DB397DC0016226A;
			remoteInfo = Linkversity;
		};
		532FEE6B1DB397DC0016226A /* PBXContainerItemProxy */ = {
			isa = PBXContainerItemProxy;
			containerPortal = 532FEE431DB397DC0016226A /* Project object */;
			proxyType = 1;
			remoteGlobalIDString = 532FEE4A1DB397DC0016226A;
			remoteInfo = Linkversity;
		};
/* End PBXContainerItemProxy section */

/* Begin PBXFileReference section */
		170D84E638F4A94F8F07A465 /* Pods-Linkversity.debug.xcconfig */ = {isa = PBXFileReference; includeInIndex = 1; lastKnownFileType = text.xcconfig; name = "Pods-Linkversity.debug.xcconfig"; path = "Pods/Target Support Files/Pods-Linkversity/Pods-Linkversity.debug.xcconfig"; sourceTree = "<group>"; };
		2F00B87EA54DA864AAF72A55 /* Pods_LinkversityUITests.framework */ = {isa = PBXFileReference; explicitFileType = wrapper.framework; includeInIndex = 0; path = Pods_LinkversityUITests.framework; sourceTree = BUILT_PRODUCTS_DIR; };
		532FEE4B1DB397DC0016226A /* Linkversity.app */ = {isa = PBXFileReference; explicitFileType = wrapper.application; includeInIndex = 0; path = Linkversity.app; sourceTree = BUILT_PRODUCTS_DIR; };
		532FEE4E1DB397DC0016226A /* AppDelegate.swift */ = {isa = PBXFileReference; lastKnownFileType = sourcecode.swift; path = AppDelegate.swift; sourceTree = "<group>"; };
		532FEE501DB397DC0016226A /* ViewController.swift */ = {isa = PBXFileReference; lastKnownFileType = sourcecode.swift; path = ViewController.swift; sourceTree = "<group>"; };
		532FEE531DB397DC0016226A /* Base */ = {isa = PBXFileReference; lastKnownFileType = file.storyboard; name = Base; path = Base.lproj/Main.storyboard; sourceTree = "<group>"; };
		532FEE551DB397DC0016226A /* Assets.xcassets */ = {isa = PBXFileReference; lastKnownFileType = folder.assetcatalog; path = Assets.xcassets; sourceTree = "<group>"; };
		532FEE581DB397DC0016226A /* Base */ = {isa = PBXFileReference; lastKnownFileType = file.storyboard; name = Base; path = Base.lproj/LaunchScreen.storyboard; sourceTree = "<group>"; };
		532FEE5A1DB397DC0016226A /* Info.plist */ = {isa = PBXFileReference; lastKnownFileType = text.plist.xml; path = Info.plist; sourceTree = "<group>"; };
		532FEE5F1DB397DC0016226A /* LinkversityTests.xctest */ = {isa = PBXFileReference; explicitFileType = wrapper.cfbundle; includeInIndex = 0; path = LinkversityTests.xctest; sourceTree = BUILT_PRODUCTS_DIR; };
		532FEE631DB397DC0016226A /* LinkversityTests.swift */ = {isa = PBXFileReference; lastKnownFileType = sourcecode.swift; path = LinkversityTests.swift; sourceTree = "<group>"; };
		532FEE651DB397DC0016226A /* Info.plist */ = {isa = PBXFileReference; lastKnownFileType = text.plist.xml; path = Info.plist; sourceTree = "<group>"; };
		532FEE6A1DB397DC0016226A /* LinkversityUITests.xctest */ = {isa = PBXFileReference; explicitFileType = wrapper.cfbundle; includeInIndex = 0; path = LinkversityUITests.xctest; sourceTree = BUILT_PRODUCTS_DIR; };
		532FEE6E1DB397DC0016226A /* LinkversityUITests.swift */ = {isa = PBXFileReference; lastKnownFileType = sourcecode.swift; path = LinkversityUITests.swift; sourceTree = "<group>"; };
		532FEE701DB397DC0016226A /* Info.plist */ = {isa = PBXFileReference; lastKnownFileType = text.plist.xml; path = Info.plist; sourceTree = "<group>"; };
		532FEE7C1DB39B890016226A /* Colors.swift */ = {isa = PBXFileReference; fileEncoding = 4; lastKnownFileType = sourcecode.swift; path = Colors.swift; sourceTree = "<group>"; };
		5357C2671DBB762800E86DB9 /* Palette.swift */ = {isa = PBXFileReference; fileEncoding = 4; lastKnownFileType = sourcecode.swift; name = Palette.swift; path = TwicketSegmentedControl/Palette.swift; sourceTree = "<group>"; };
		5357C2681DBB762800E86DB9 /* TwicketSegmentedControl.h */ = {isa = PBXFileReference; fileEncoding = 4; lastKnownFileType = sourcecode.c.h; name = TwicketSegmentedControl.h; path = TwicketSegmentedControl/TwicketSegmentedControl.h; sourceTree = "<group>"; };
		5357C2691DBB762800E86DB9 /* TwicketSegmentedControl.swift */ = {isa = PBXFileReference; fileEncoding = 4; lastKnownFileType = sourcecode.swift; name = TwicketSegmentedControl.swift; path = TwicketSegmentedControl/TwicketSegmentedControl.swift; sourceTree = "<group>"; };
		5357C26A1DBB762800E86DB9 /* UIViewShadowExtension.swift */ = {isa = PBXFileReference; fileEncoding = 4; lastKnownFileType = sourcecode.swift; name = UIViewShadowExtension.swift; path = TwicketSegmentedControl/UIViewShadowExtension.swift; sourceTree = "<group>"; };
		5357C26E1DBB940D00E86DB9 /* DetailViewController.swift */ = {isa = PBXFileReference; fileEncoding = 4; lastKnownFileType = sourcecode.swift; path = DetailViewController.swift; sourceTree = "<group>"; };
		536B339F1DBBCD8800F4D52A /* ReplyViewController.swift */ = {isa = PBXFileReference; fileEncoding = 4; lastKnownFileType = sourcecode.swift; path = ReplyViewController.swift; sourceTree = "<group>"; };
		53A1F7A11DB3C6A5000EC481 /* FeedViewController.swift */ = {isa = PBXFileReference; fileEncoding = 4; lastKnownFileType = sourcecode.swift; path = FeedViewController.swift; sourceTree = "<group>"; };
		53A1F7A31DB3C6B3000EC481 /* MessageViewController.swift */ = {isa = PBXFileReference; fileEncoding = 4; lastKnownFileType = sourcecode.swift; path = MessageViewController.swift; sourceTree = "<group>"; };
		53A1F7A51DB3C6C1000EC481 /* ProfileViewController.swift */ = {isa = PBXFileReference; fileEncoding = 4; lastKnownFileType = sourcecode.swift; path = ProfileViewController.swift; sourceTree = "<group>"; };
		53A1F7A71DB3CCA2000EC481 /* GoogleService-Info.plist */ = {isa = PBXFileReference; fileEncoding = 4; lastKnownFileType = text.plist.xml; path = "GoogleService-Info.plist"; sourceTree = "<group>"; };
		53E654B61DB3D5B40055C24B /* Linkversity.entitlements */ = {isa = PBXFileReference; lastKnownFileType = text.plist.entitlements; path = Linkversity.entitlements; sourceTree = "<group>"; };
		53E654B71DB3D8360055C24B /* RegisterViewController.swift */ = {isa = PBXFileReference; fileEncoding = 4; lastKnownFileType = sourcecode.swift; path = RegisterViewController.swift; sourceTree = "<group>"; };
		53E654B91DB3DC6F0055C24B /* Spring.swift */ = {isa = PBXFileReference; fileEncoding = 4; lastKnownFileType = sourcecode.swift; path = Spring.swift; sourceTree = "<group>"; };
		53E654BB1DB5496C0055C24B /* PostViewController.swift */ = {isa = PBXFileReference; fileEncoding = 4; lastKnownFileType = sourcecode.swift; path = PostViewController.swift; sourceTree = "<group>"; };
		57DECB85DF219F264050A108 /* Pods_LinkversityTests.framework */ = {isa = PBXFileReference; explicitFileType = wrapper.framework; includeInIndex = 0; path = Pods_LinkversityTests.framework; sourceTree = BUILT_PRODUCTS_DIR; };
		645932C6CC2B35D55220380D /* Pods-Linkversity.release.xcconfig */ = {isa = PBXFileReference; includeInIndex = 1; lastKnownFileType = text.xcconfig; name = "Pods-Linkversity.release.xcconfig"; path = "Pods/Target Support Files/Pods-Linkversity/Pods-Linkversity.release.xcconfig"; sourceTree = "<group>"; };
		8E06838F6FCC802D37393ECB /* Pods-LinkversityTests.release.xcconfig */ = {isa = PBXFileReference; includeInIndex = 1; lastKnownFileType = text.xcconfig; name = "Pods-LinkversityTests.release.xcconfig"; path = "Pods/Target Support Files/Pods-LinkversityTests/Pods-LinkversityTests.release.xcconfig"; sourceTree = "<group>"; };
		AC6285088D607E1AC40AD36C /* Pods-LinkversityUITests.release.xcconfig */ = {isa = PBXFileReference; includeInIndex = 1; lastKnownFileType = text.xcconfig; name = "Pods-LinkversityUITests.release.xcconfig"; path = "Pods/Target Support Files/Pods-LinkversityUITests/Pods-LinkversityUITests.release.xcconfig"; sourceTree = "<group>"; };
		B9AEE875B0BD94C9492E283A /* Pods-LinkversityUITests.debug.xcconfig */ = {isa = PBXFileReference; includeInIndex = 1; lastKnownFileType = text.xcconfig; name = "Pods-LinkversityUITests.debug.xcconfig"; path = "Pods/Target Support Files/Pods-LinkversityUITests/Pods-LinkversityUITests.debug.xcconfig"; sourceTree = "<group>"; };
		CE82D57FE30843B0338CF614 /* Pods-LinkversityTests.debug.xcconfig */ = {isa = PBXFileReference; includeInIndex = 1; lastKnownFileType = text.xcconfig; name = "Pods-LinkversityTests.debug.xcconfig"; path = "Pods/Target Support Files/Pods-LinkversityTests/Pods-LinkversityTests.debug.xcconfig"; sourceTree = "<group>"; };
		FB6A6D0E85ED387B6176A222 /* Pods_Linkversity.framework */ = {isa = PBXFileReference; explicitFileType = wrapper.framework; includeInIndex = 0; path = Pods_Linkversity.framework; sourceTree = BUILT_PRODUCTS_DIR; };
/* End PBXFileReference section */

/* Begin PBXFrameworksBuildPhase section */
		532FEE481DB397DC0016226A /* Frameworks */ = {
			isa = PBXFrameworksBuildPhase;
			buildActionMask = 2147483647;
			files = (
				9D7DBB361EAECE2C4CD70ECC /* Pods_Linkversity.framework in Frameworks */,
			);
			runOnlyForDeploymentPostprocessing = 0;
		};
		532FEE5C1DB397DC0016226A /* Frameworks */ = {
			isa = PBXFrameworksBuildPhase;
			buildActionMask = 2147483647;
			files = (
				C882DE6E6AD8BFC7961244E6 /* Pods_LinkversityTests.framework in Frameworks */,
			);
			runOnlyForDeploymentPostprocessing = 0;
		};
		532FEE671DB397DC0016226A /* Frameworks */ = {
			isa = PBXFrameworksBuildPhase;
			buildActionMask = 2147483647;
			files = (
				CB2C37BD0A2AAF3E297E9D72 /* Pods_LinkversityUITests.framework in Frameworks */,
			);
			runOnlyForDeploymentPostprocessing = 0;
		};
/* End PBXFrameworksBuildPhase section */

/* Begin PBXGroup section */
		532FEE421DB397DC0016226A = {
			isa = PBXGroup;
			children = (
				532FEE4D1DB397DC0016226A /* Linkversity */,
				532FEE621DB397DC0016226A /* LinkversityTests */,
				532FEE6D1DB397DC0016226A /* LinkversityUITests */,
				532FEE4C1DB397DC0016226A /* Products */,
				8C2FE22A1A60970921C18D93 /* Pods */,
				A4D8236D752A619E5FBF39EE /* Frameworks */,
			);
			sourceTree = "<group>";
		};
		532FEE4C1DB397DC0016226A /* Products */ = {
			isa = PBXGroup;
			children = (
				532FEE4B1DB397DC0016226A /* Linkversity.app */,
				532FEE5F1DB397DC0016226A /* LinkversityTests.xctest */,
				532FEE6A1DB397DC0016226A /* LinkversityUITests.xctest */,
			);
			name = Products;
			sourceTree = "<group>";
		};
		532FEE4D1DB397DC0016226A /* Linkversity */ = {
			isa = PBXGroup;
			children = (
				5357C2661DBB760E00E86DB9 /* TwicketSegmentedControl */,
				53E654B61DB3D5B40055C24B /* Linkversity.entitlements */,
				532FEE4E1DB397DC0016226A /* AppDelegate.swift */,
				532FEE501DB397DC0016226A /* ViewController.swift */,
				53A1F7A11DB3C6A5000EC481 /* FeedViewController.swift */,
				53A1F7A31DB3C6B3000EC481 /* MessageViewController.swift */,
				53A1F7A51DB3C6C1000EC481 /* ProfileViewController.swift */,
				53E654B71DB3D8360055C24B /* RegisterViewController.swift */,
				53E654BB1DB5496C0055C24B /* PostViewController.swift */,
				536B339F1DBBCD8800F4D52A /* ReplyViewController.swift */,
				5357C26E1DBB940D00E86DB9 /* DetailViewController.swift */,
				532FEE7C1DB39B890016226A /* Colors.swift */,
				53E654B91DB3DC6F0055C24B /* Spring.swift */,
				532FEE521DB397DC0016226A /* Main.storyboard */,
				532FEE551DB397DC0016226A /* Assets.xcassets */,
				532FEE571DB397DC0016226A /* LaunchScreen.storyboard */,
				532FEE5A1DB397DC0016226A /* Info.plist */,
				53A1F7A71DB3CCA2000EC481 /* GoogleService-Info.plist */,
			);
			path = Linkversity;
			sourceTree = "<group>";
		};
		532FEE621DB397DC0016226A /* LinkversityTests */ = {
			isa = PBXGroup;
			children = (
				532FEE631DB397DC0016226A /* LinkversityTests.swift */,
				532FEE651DB397DC0016226A /* Info.plist */,
			);
			path = LinkversityTests;
			sourceTree = "<group>";
		};
		532FEE6D1DB397DC0016226A /* LinkversityUITests */ = {
			isa = PBXGroup;
			children = (
				532FEE6E1DB397DC0016226A /* LinkversityUITests.swift */,
				532FEE701DB397DC0016226A /* Info.plist */,
			);
			path = LinkversityUITests;
			sourceTree = "<group>";
		};
		5357C2661DBB760E00E86DB9 /* TwicketSegmentedControl */ = {
			isa = PBXGroup;
			children = (
				5357C2671DBB762800E86DB9 /* Palette.swift */,
				5357C2681DBB762800E86DB9 /* TwicketSegmentedControl.h */,
				5357C2691DBB762800E86DB9 /* TwicketSegmentedControl.swift */,
				5357C26A1DBB762800E86DB9 /* UIViewShadowExtension.swift */,
			);
			name = TwicketSegmentedControl;
			sourceTree = "<group>";
		};
		8C2FE22A1A60970921C18D93 /* Pods */ = {
			isa = PBXGroup;
			children = (
				170D84E638F4A94F8F07A465 /* Pods-Linkversity.debug.xcconfig */,
				645932C6CC2B35D55220380D /* Pods-Linkversity.release.xcconfig */,
				CE82D57FE30843B0338CF614 /* Pods-LinkversityTests.debug.xcconfig */,
				8E06838F6FCC802D37393ECB /* Pods-LinkversityTests.release.xcconfig */,
				B9AEE875B0BD94C9492E283A /* Pods-LinkversityUITests.debug.xcconfig */,
				AC6285088D607E1AC40AD36C /* Pods-LinkversityUITests.release.xcconfig */,
			);
			name = Pods;
			sourceTree = "<group>";
		};
		A4D8236D752A619E5FBF39EE /* Frameworks */ = {
			isa = PBXGroup;
			children = (
				FB6A6D0E85ED387B6176A222 /* Pods_Linkversity.framework */,
				57DECB85DF219F264050A108 /* Pods_LinkversityTests.framework */,
				2F00B87EA54DA864AAF72A55 /* Pods_LinkversityUITests.framework */,
			);
			name = Frameworks;
			sourceTree = "<group>";
		};
/* End PBXGroup section */

/* Begin PBXNativeTarget section */
		532FEE4A1DB397DC0016226A /* Linkversity */ = {
			isa = PBXNativeTarget;
			buildConfigurationList = 532FEE731DB397DC0016226A /* Build configuration list for PBXNativeTarget "Linkversity" */;
			buildPhases = (
				72F617F2949500BA0C6709C6 /* [CP] Check Pods Manifest.lock */,
				532FEE471DB397DC0016226A /* Sources */,
				532FEE481DB397DC0016226A /* Frameworks */,
				532FEE491DB397DC0016226A /* Resources */,
				9ACC9CD221034DFECB388857 /* [CP] Embed Pods Frameworks */,
				969C7479D4B57390B0F7B05F /* [CP] Copy Pods Resources */,
			);
			buildRules = (
			);
			dependencies = (
			);
			name = Linkversity;
			productName = Linkversity;
			productReference = 532FEE4B1DB397DC0016226A /* Linkversity.app */;
			productType = "com.apple.product-type.application";
		};
		532FEE5E1DB397DC0016226A /* LinkversityTests */ = {
			isa = PBXNativeTarget;
			buildConfigurationList = 532FEE761DB397DC0016226A /* Build configuration list for PBXNativeTarget "LinkversityTests" */;
			buildPhases = (
				35210D90661BDBB988B809B9 /* [CP] Check Pods Manifest.lock */,
				532FEE5B1DB397DC0016226A /* Sources */,
				532FEE5C1DB397DC0016226A /* Frameworks */,
				532FEE5D1DB397DC0016226A /* Resources */,
				75DAEC20F92B967A1F562C28 /* [CP] Embed Pods Frameworks */,
				AAABE49CA19F35B4D449378A /* [CP] Copy Pods Resources */,
			);
			buildRules = (
			);
			dependencies = (
				532FEE611DB397DC0016226A /* PBXTargetDependency */,
			);
			name = LinkversityTests;
			productName = LinkversityTests;
			productReference = 532FEE5F1DB397DC0016226A /* LinkversityTests.xctest */;
			productType = "com.apple.product-type.bundle.unit-test";
		};
		532FEE691DB397DC0016226A /* LinkversityUITests */ = {
			isa = PBXNativeTarget;
			buildConfigurationList = 532FEE791DB397DC0016226A /* Build configuration list for PBXNativeTarget "LinkversityUITests" */;
			buildPhases = (
				3BCE486356E6701BABCFCC22 /* [CP] Check Pods Manifest.lock */,
				532FEE661DB397DC0016226A /* Sources */,
				532FEE671DB397DC0016226A /* Frameworks */,
				532FEE681DB397DC0016226A /* Resources */,
				A5A65F4A982568611475948E /* [CP] Copy Pods Resources */,
			);
			buildRules = (
			);
			dependencies = (
				532FEE6C1DB397DC0016226A /* PBXTargetDependency */,
			);
			name = LinkversityUITests;
			productName = LinkversityUITests;
			productReference = 532FEE6A1DB397DC0016226A /* LinkversityUITests.xctest */;
			productType = "com.apple.product-type.bundle.ui-testing";
		};
/* End PBXNativeTarget section */

/* Begin PBXProject section */
		532FEE431DB397DC0016226A /* Project object */ = {
			isa = PBXProject;
			attributes = {
				LastSwiftUpdateCheck = 0800;
				LastUpgradeCheck = 0800;
				ORGANIZATIONNAME = "Shihab Mehboob";
				TargetAttributes = {
					532FEE4A1DB397DC0016226A = {
						CreatedOnToolsVersion = 8.0;
						DevelopmentTeam = XEVU76UA2Y;
						ProvisioningStyle = Automatic;
						SystemCapabilities = {
							com.apple.Keychain = {
								enabled = 1;
							};
						};
					};
					532FEE5E1DB397DC0016226A = {
						CreatedOnToolsVersion = 8.0;
						DevelopmentTeam = XEVU76UA2Y;
						ProvisioningStyle = Automatic;
						TestTargetID = 532FEE4A1DB397DC0016226A;
					};
					532FEE691DB397DC0016226A = {
						CreatedOnToolsVersion = 8.0;
						DevelopmentTeam = XEVU76UA2Y;
						ProvisioningStyle = Automatic;
						TestTargetID = 532FEE4A1DB397DC0016226A;
					};
				};
			};
			buildConfigurationList = 532FEE461DB397DC0016226A /* Build configuration list for PBXProject "Linkversity" */;
			compatibilityVersion = "Xcode 3.2";
			developmentRegion = English;
			hasScannedForEncodings = 0;
			knownRegions = (
				en,
				Base,
			);
			mainGroup = 532FEE421DB397DC0016226A;
			productRefGroup = 532FEE4C1DB397DC0016226A /* Products */;
			projectDirPath = "";
			projectRoot = "";
			targets = (
				532FEE4A1DB397DC0016226A /* Linkversity */,
				532FEE5E1DB397DC0016226A /* LinkversityTests */,
				532FEE691DB397DC0016226A /* LinkversityUITests */,
			);
		};
/* End PBXProject section */

/* Begin PBXResourcesBuildPhase section */
		532FEE491DB397DC0016226A /* Resources */ = {
			isa = PBXResourcesBuildPhase;
			buildActionMask = 2147483647;
			files = (
				532FEE591DB397DC0016226A /* LaunchScreen.storyboard in Resources */,
				53A1F7A81DB3CCA2000EC481 /* GoogleService-Info.plist in Resources */,
				532FEE561DB397DC0016226A /* Assets.xcassets in Resources */,
				532FEE541DB397DC0016226A /* Main.storyboard in Resources */,
			);
			runOnlyForDeploymentPostprocessing = 0;
		};
		532FEE5D1DB397DC0016226A /* Resources */ = {
			isa = PBXResourcesBuildPhase;
			buildActionMask = 2147483647;
			files = (
				53A1F7A91DB3CCA2000EC481 /* GoogleService-Info.plist in Resources */,
			);
			runOnlyForDeploymentPostprocessing = 0;
		};
		532FEE681DB397DC0016226A /* Resources */ = {
			isa = PBXResourcesBuildPhase;
			buildActionMask = 2147483647;
			files = (
				53A1F7AA1DB3CCA2000EC481 /* GoogleService-Info.plist in Resources */,
			);
			runOnlyForDeploymentPostprocessing = 0;
		};
/* End PBXResourcesBuildPhase section */

/* Begin PBXShellScriptBuildPhase section */
		35210D90661BDBB988B809B9 /* [CP] Check Pods Manifest.lock */ = {
			isa = PBXShellScriptBuildPhase;
			buildActionMask = 2147483647;
			files = (
			);
			inputPaths = (
			);
			name = "[CP] Check Pods Manifest.lock";
			outputPaths = (
			);
			runOnlyForDeploymentPostprocessing = 0;
			shellPath = /bin/sh;
			shellScript = "diff \"${PODS_ROOT}/../Podfile.lock\" \"${PODS_ROOT}/Manifest.lock\" > /dev/null\nif [[ $? != 0 ]] ; then\n    cat << EOM\nerror: The sandbox is not in sync with the Podfile.lock. Run 'pod install' or update your CocoaPods installation.\nEOM\n    exit 1\nfi\n";
			showEnvVarsInLog = 0;
		};
		3BCE486356E6701BABCFCC22 /* [CP] Check Pods Manifest.lock */ = {
			isa = PBXShellScriptBuildPhase;
			buildActionMask = 2147483647;
			files = (
			);
			inputPaths = (
			);
			name = "[CP] Check Pods Manifest.lock";
			outputPaths = (
			);
			runOnlyForDeploymentPostprocessing = 0;
			shellPath = /bin/sh;
			shellScript = "diff \"${PODS_ROOT}/../Podfile.lock\" \"${PODS_ROOT}/Manifest.lock\" > /dev/null\nif [[ $? != 0 ]] ; then\n    cat << EOM\nerror: The sandbox is not in sync with the Podfile.lock. Run 'pod install' or update your CocoaPods installation.\nEOM\n    exit 1\nfi\n";
			showEnvVarsInLog = 0;
		};
		72F617F2949500BA0C6709C6 /* [CP] Check Pods Manifest.lock */ = {
			isa = PBXShellScriptBuildPhase;
			buildActionMask = 2147483647;
			files = (
			);
			inputPaths = (
			);
			name = "[CP] Check Pods Manifest.lock";
			outputPaths = (
			);
			runOnlyForDeploymentPostprocessing = 0;
			shellPath = /bin/sh;
			shellScript = "diff \"${PODS_ROOT}/../Podfile.lock\" \"${PODS_ROOT}/Manifest.lock\" > /dev/null\nif [[ $? != 0 ]] ; then\n    cat << EOM\nerror: The sandbox is not in sync with the Podfile.lock. Run 'pod install' or update your CocoaPods installation.\nEOM\n    exit 1\nfi\n";
			showEnvVarsInLog = 0;
		};
		75DAEC20F92B967A1F562C28 /* [CP] Embed Pods Frameworks */ = {
			isa = PBXShellScriptBuildPhase;
			buildActionMask = 2147483647;
			files = (
			);
			inputPaths = (
			);
			name = "[CP] Embed Pods Frameworks";
			outputPaths = (
			);
			runOnlyForDeploymentPostprocessing = 0;
			shellPath = /bin/sh;
			shellScript = "\"${SRCROOT}/Pods/Target Support Files/Pods-LinkversityTests/Pods-LinkversityTests-frameworks.sh\"\n";
			showEnvVarsInLog = 0;
		};
		969C7479D4B57390B0F7B05F /* [CP] Copy Pods Resources */ = {
			isa = PBXShellScriptBuildPhase;
			buildActionMask = 2147483647;
			files = (
			);
			inputPaths = (
			);
			name = "[CP] Copy Pods Resources";
			outputPaths = (
			);
			runOnlyForDeploymentPostprocessing = 0;
			shellPath = /bin/sh;
			shellScript = "\"${SRCROOT}/Pods/Target Support Files/Pods-Linkversity/Pods-Linkversity-resources.sh\"\n";
			showEnvVarsInLog = 0;
		};
		9ACC9CD221034DFECB388857 /* [CP] Embed Pods Frameworks */ = {
			isa = PBXShellScriptBuildPhase;
			buildActionMask = 2147483647;
			files = (
			);
			inputPaths = (
			);
			name = "[CP] Embed Pods Frameworks";
			outputPaths = (
			);
			runOnlyForDeploymentPostprocessing = 0;
			shellPath = /bin/sh;
			shellScript = "\"${SRCROOT}/Pods/Target Support Files/Pods-Linkversity/Pods-Linkversity-frameworks.sh\"\n";
			showEnvVarsInLog = 0;
		};
		A5A65F4A982568611475948E /* [CP] Copy Pods Resources */ = {
			isa = PBXShellScriptBuildPhase;
			buildActionMask = 2147483647;
			files = (
			);
			inputPaths = (
			);
			name = "[CP] Copy Pods Resources";
			outputPaths = (
			);
			runOnlyForDeploymentPostprocessing = 0;
			shellPath = /bin/sh;
			shellScript = "\"${SRCROOT}/Pods/Target Support Files/Pods-LinkversityUITests/Pods-LinkversityUITests-resources.sh\"\n";
			showEnvVarsInLog = 0;
		};
		AAABE49CA19F35B4D449378A /* [CP] Copy Pods Resources */ = {
			isa = PBXShellScriptBuildPhase;
			buildActionMask = 2147483647;
			files = (
			);
			inputPaths = (
			);
			name = "[CP] Copy Pods Resources";
			outputPaths = (
			);
			runOnlyForDeploymentPostprocessing = 0;
			shellPath = /bin/sh;
			shellScript = "\"${SRCROOT}/Pods/Target Support Files/Pods-LinkversityTests/Pods-LinkversityTests-resources.sh\"\n";
			showEnvVarsInLog = 0;
		};
/* End PBXShellScriptBuildPhase section */

/* Begin PBXSourcesBuildPhase section */
		532FEE471DB397DC0016226A /* Sources */ = {
			isa = PBXSourcesBuildPhase;
			buildActionMask = 2147483647;
			files = (
				5357C26F1DBB940D00E86DB9 /* DetailViewController.swift in Sources */,
				53E654BC1DB5496C0055C24B /* PostViewController.swift in Sources */,
				532FEE511DB397DC0016226A /* ViewController.swift in Sources */,
				53A1F7A41DB3C6B3000EC481 /* MessageViewController.swift in Sources */,
				5357C26C1DBB762800E86DB9 /* TwicketSegmentedControl.swift in Sources */,
				53E654BA1DB3DC6F0055C24B /* Spring.swift in Sources */,
				53E654B81DB3D8360055C24B /* RegisterViewController.swift in Sources */,
				536B33A01DBBCD8800F4D52A /* ReplyViewController.swift in Sources */,
				5357C26D1DBB762800E86DB9 /* UIViewShadowExtension.swift in Sources */,
				532FEE7D1DB39B890016226A /* Colors.swift in Sources */,
				532FEE4F1DB397DC0016226A /* AppDelegate.swift in Sources */,
				5357C26B1DBB762800E86DB9 /* Palette.swift in Sources */,
				53A1F7A61DB3C6C1000EC481 /* ProfileViewController.swift in Sources */,
				53A1F7A21DB3C6A5000EC481 /* FeedViewController.swift in Sources */,
			);
			runOnlyForDeploymentPostprocessing = 0;
		};
		532FEE5B1DB397DC0016226A /* Sources */ = {
			isa = PBXSourcesBuildPhase;
			buildActionMask = 2147483647;
			files = (
				532FEE641DB397DC0016226A /* LinkversityTests.swift in Sources */,
			);
			runOnlyForDeploymentPostprocessing = 0;
		};
		532FEE661DB397DC0016226A /* Sources */ = {
			isa = PBXSourcesBuildPhase;
			buildActionMask = 2147483647;
			files = (
				532FEE6F1DB397DC0016226A /* LinkversityUITests.swift in Sources */,
			);
			runOnlyForDeploymentPostprocessing = 0;
		};
/* End PBXSourcesBuildPhase section */

/* Begin PBXTargetDependency section */
		532FEE611DB397DC0016226A /* PBXTargetDependency */ = {
			isa = PBXTargetDependency;
			target = 532FEE4A1DB397DC0016226A /* Linkversity */;
			targetProxy = 532FEE601DB397DC0016226A /* PBXContainerItemProxy */;
		};
		532FEE6C1DB397DC0016226A /* PBXTargetDependency */ = {
			isa = PBXTargetDependency;
			target = 532FEE4A1DB397DC0016226A /* Linkversity */;
			targetProxy = 532FEE6B1DB397DC0016226A /* PBXContainerItemProxy */;
		};
/* End PBXTargetDependency section */

/* Begin PBXVariantGroup section */
		532FEE521DB397DC0016226A /* Main.storyboard */ = {
			isa = PBXVariantGroup;
			children = (
				532FEE531DB397DC0016226A /* Base */,
			);
			name = Main.storyboard;
			sourceTree = "<group>";
		};
		532FEE571DB397DC0016226A /* LaunchScreen.storyboard */ = {
			isa = PBXVariantGroup;
			children = (
				532FEE581DB397DC0016226A /* Base */,
			);
			name = LaunchScreen.storyboard;
			sourceTree = "<group>";
		};
/* End PBXVariantGroup section */

/* Begin XCBuildConfiguration section */
		532FEE711DB397DC0016226A /* Debug */ = {
			isa = XCBuildConfiguration;
			buildSettings = {
				ALWAYS_SEARCH_USER_PATHS = NO;
				CLANG_ANALYZER_NONNULL = YES;
				CLANG_CXX_LANGUAGE_STANDARD = "gnu++0x";
				CLANG_CXX_LIBRARY = "libc++";
				CLANG_ENABLE_MODULES = YES;
				CLANG_ENABLE_OBJC_ARC = YES;
				CLANG_WARN_BOOL_CONVERSION = YES;
				CLANG_WARN_CONSTANT_CONVERSION = YES;
				CLANG_WARN_DIRECT_OBJC_ISA_USAGE = YES_ERROR;
				CLANG_WARN_DOCUMENTATION_COMMENTS = YES;
				CLANG_WARN_EMPTY_BODY = YES;
				CLANG_WARN_ENUM_CONVERSION = YES;
				CLANG_WARN_INFINITE_RECURSION = YES;
				CLANG_WARN_INT_CONVERSION = YES;
				CLANG_WARN_OBJC_ROOT_CLASS = YES_ERROR;
				CLANG_WARN_SUSPICIOUS_MOVES = YES;
				CLANG_WARN_UNREACHABLE_CODE = YES;
				CLANG_WARN__DUPLICATE_METHOD_MATCH = YES;
				"CODE_SIGN_IDENTITY[sdk=iphoneos*]" = "iPhone Developer";
				COPY_PHASE_STRIP = NO;
				DEBUG_INFORMATION_FORMAT = dwarf;
				ENABLE_STRICT_OBJC_MSGSEND = YES;
				ENABLE_TESTABILITY = YES;
				GCC_C_LANGUAGE_STANDARD = gnu99;
				GCC_DYNAMIC_NO_PIC = NO;
				GCC_NO_COMMON_BLOCKS = YES;
				GCC_OPTIMIZATION_LEVEL = 0;
				GCC_PREPROCESSOR_DEFINITIONS = (
					"DEBUG=1",
					"$(inherited)",
				);
				GCC_WARN_64_TO_32_BIT_CONVERSION = YES;
				GCC_WARN_ABOUT_RETURN_TYPE = YES_ERROR;
				GCC_WARN_UNDECLARED_SELECTOR = YES;
				GCC_WARN_UNINITIALIZED_AUTOS = YES_AGGRESSIVE;
				GCC_WARN_UNUSED_FUNCTION = YES;
				GCC_WARN_UNUSED_VARIABLE = YES;
				IPHONEOS_DEPLOYMENT_TARGET = 10.0;
				MTL_ENABLE_DEBUG_INFO = YES;
				ONLY_ACTIVE_ARCH = YES;
				SDKROOT = iphoneos;
				SWIFT_ACTIVE_COMPILATION_CONDITIONS = DEBUG;
				SWIFT_OPTIMIZATION_LEVEL = "-Onone";
			};
			name = Debug;
		};
		532FEE721DB397DC0016226A /* Release */ = {
			isa = XCBuildConfiguration;
			buildSettings = {
				ALWAYS_SEARCH_USER_PATHS = NO;
				CLANG_ANALYZER_NONNULL = YES;
				CLANG_CXX_LANGUAGE_STANDARD = "gnu++0x";
				CLANG_CXX_LIBRARY = "libc++";
				CLANG_ENABLE_MODULES = YES;
				CLANG_ENABLE_OBJC_ARC = YES;
				CLANG_WARN_BOOL_CONVERSION = YES;
				CLANG_WARN_CONSTANT_CONVERSION = YES;
				CLANG_WARN_DIRECT_OBJC_ISA_USAGE = YES_ERROR;
				CLANG_WARN_DOCUMENTATION_COMMENTS = YES;
				CLANG_WARN_EMPTY_BODY = YES;
				CLANG_WARN_ENUM_CONVERSION = YES;
				CLANG_WARN_INFINITE_RECURSION = YES;
				CLANG_WARN_INT_CONVERSION = YES;
				CLANG_WARN_OBJC_ROOT_CLASS = YES_ERROR;
				CLANG_WARN_SUSPICIOUS_MOVES = YES;
				CLANG_WARN_UNREACHABLE_CODE = YES;
				CLANG_WARN__DUPLICATE_METHOD_MATCH = YES;
				"CODE_SIGN_IDENTITY[sdk=iphoneos*]" = "iPhone Developer";
				COPY_PHASE_STRIP = NO;
				DEBUG_INFORMATION_FORMAT = "dwarf-with-dsym";
				ENABLE_NS_ASSERTIONS = NO;
				ENABLE_STRICT_OBJC_MSGSEND = YES;
				GCC_C_LANGUAGE_STANDARD = gnu99;
				GCC_NO_COMMON_BLOCKS = YES;
				GCC_WARN_64_TO_32_BIT_CONVERSION = YES;
				GCC_WARN_ABOUT_RETURN_TYPE = YES_ERROR;
				GCC_WARN_UNDECLARED_SELECTOR = YES;
				GCC_WARN_UNINITIALIZED_AUTOS = YES_AGGRESSIVE;
				GCC_WARN_UNUSED_FUNCTION = YES;
				GCC_WARN_UNUSED_VARIABLE = YES;
				IPHONEOS_DEPLOYMENT_TARGET = 10.0;
				MTL_ENABLE_DEBUG_INFO = NO;
				SDKROOT = iphoneos;
				SWIFT_OPTIMIZATION_LEVEL = "-Owholemodule";
				VALIDATE_PRODUCT = YES;
			};
			name = Release;
		};
		532FEE741DB397DC0016226A /* Debug */ = {
			isa = XCBuildConfiguration;
			baseConfigurationReference = 170D84E638F4A94F8F07A465 /* Pods-Linkversity.debug.xcconfig */;
			buildSettings = {
				ASSETCATALOG_COMPILER_APPICON_NAME = AppIcon;
				CODE_SIGN_ENTITLEMENTS = Linkversity/Linkversity.entitlements;
				DEVELOPMENT_TEAM = XEVU76UA2Y;
				INFOPLIST_FILE = Linkversity/Info.plist;
				LD_RUNPATH_SEARCH_PATHS = "$(inherited) @executable_path/Frameworks";
				PRODUCT_BUNDLE_IDENTIFIER = com.shi.Linkversity;
				PRODUCT_NAME = "$(TARGET_NAME)";
				SWIFT_VERSION = 3.0;
			};
			name = Debug;
		};
		532FEE751DB397DC0016226A /* Release */ = {
			isa = XCBuildConfiguration;
			baseConfigurationReference = 645932C6CC2B35D55220380D /* Pods-Linkversity.release.xcconfig */;
			buildSettings = {
				ASSETCATALOG_COMPILER_APPICON_NAME = AppIcon;
				CODE_SIGN_ENTITLEMENTS = Linkversity/Linkversity.entitlements;
				DEVELOPMENT_TEAM = XEVU76UA2Y;
				INFOPLIST_FILE = Linkversity/Info.plist;
				LD_RUNPATH_SEARCH_PATHS = "$(inherited) @executable_path/Frameworks";
				PRODUCT_BUNDLE_IDENTIFIER = com.shi.Linkversity;
				PRODUCT_NAME = "$(TARGET_NAME)";
				SWIFT_VERSION = 3.0;
			};
			name = Release;
		};
		532FEE771DB397DC0016226A /* Debug */ = {
			isa = XCBuildConfiguration;
			baseConfigurationReference = CE82D57FE30843B0338CF614 /* Pods-LinkversityTests.debug.xcconfig */;
			buildSettings = {
				ALWAYS_EMBED_SWIFT_STANDARD_LIBRARIES = YES;
				BUNDLE_LOADER = "$(TEST_HOST)";
				DEVELOPMENT_TEAM = XEVU76UA2Y;
				INFOPLIST_FILE = LinkversityTests/Info.plist;
				LD_RUNPATH_SEARCH_PATHS = "$(inherited) @executable_path/Frameworks @loader_path/Frameworks";
				PRODUCT_BUNDLE_IDENTIFIER = com.shi.LinkversityTests;
				PRODUCT_NAME = "$(TARGET_NAME)";
				SWIFT_VERSION = 3.0;
				TEST_HOST = "$(BUILT_PRODUCTS_DIR)/Linkversity.app/Linkversity";
			};
			name = Debug;
		};
		532FEE781DB397DC0016226A /* Release */ = {
			isa = XCBuildConfiguration;
			baseConfigurationReference = 8E06838F6FCC802D37393ECB /* Pods-LinkversityTests.release.xcconfig */;
			buildSettings = {
				ALWAYS_EMBED_SWIFT_STANDARD_LIBRARIES = YES;
				BUNDLE_LOADER = "$(TEST_HOST)";
				DEVELOPMENT_TEAM = XEVU76UA2Y;
				INFOPLIST_FILE = LinkversityTests/Info.plist;
				LD_RUNPATH_SEARCH_PATHS = "$(inherited) @executable_path/Frameworks @loader_path/Frameworks";
				PRODUCT_BUNDLE_IDENTIFIER = com.shi.LinkversityTests;
				PRODUCT_NAME = "$(TARGET_NAME)";
				SWIFT_VERSION = 3.0;
				TEST_HOST = "$(BUILT_PRODUCTS_DIR)/Linkversity.app/Linkversity";
			};
			name = Release;
		};
		532FEE7A1DB397DC0016226A /* Debug */ = {
			isa = XCBuildConfiguration;
			baseConfigurationReference = B9AEE875B0BD94C9492E283A /* Pods-LinkversityUITests.debug.xcconfig */;
			buildSettings = {
				ALWAYS_EMBED_SWIFT_STANDARD_LIBRARIES = YES;
				DEVELOPMENT_TEAM = XEVU76UA2Y;
				INFOPLIST_FILE = LinkversityUITests/Info.plist;
				LD_RUNPATH_SEARCH_PATHS = "$(inherited) @executable_path/Frameworks @loader_path/Frameworks";
				PRODUCT_BUNDLE_IDENTIFIER = com.shi.LinkversityUITests;
				PRODUCT_NAME = "$(TARGET_NAME)";
				SWIFT_VERSION = 3.0;
				TEST_TARGET_NAME = Linkversity;
			};
			name = Debug;
		};
		532FEE7B1DB397DC0016226A /* Release */ = {
			isa = XCBuildConfiguration;
			baseConfigurationReference = AC6285088D607E1AC40AD36C /* Pods-LinkversityUITests.release.xcconfig */;
			buildSettings = {
				ALWAYS_EMBED_SWIFT_STANDARD_LIBRARIES = YES;
				DEVELOPMENT_TEAM = XEVU76UA2Y;
				INFOPLIST_FILE = LinkversityUITests/Info.plist;
				LD_RUNPATH_SEARCH_PATHS = "$(inherited) @executable_path/Frameworks @loader_path/Frameworks";
				PRODUCT_BUNDLE_IDENTIFIER = com.shi.LinkversityUITests;
				PRODUCT_NAME = "$(TARGET_NAME)";
				SWIFT_VERSION = 3.0;
				TEST_TARGET_NAME = Linkversity;
			};
			name = Release;
		};
/* End XCBuildConfiguration section */

/* Begin XCConfigurationList section */
		532FEE461DB397DC0016226A /* Build configuration list for PBXProject "Linkversity" */ = {
			isa = XCConfigurationList;
			buildConfigurations = (
				532FEE711DB397DC0016226A /* Debug */,
				532FEE721DB397DC0016226A /* Release */,
			);
			defaultConfigurationIsVisible = 0;
			defaultConfigurationName = Release;
		};
		532FEE731DB397DC0016226A /* Build configuration list for PBXNativeTarget "Linkversity" */ = {
			isa = XCConfigurationList;
			buildConfigurations = (
				532FEE741DB397DC0016226A /* Debug */,
				532FEE751DB397DC0016226A /* Release */,
			);
			defaultConfigurationIsVisible = 0;
			defaultConfigurationName = Release;
		};
		532FEE761DB397DC0016226A /* Build configuration list for PBXNativeTarget "LinkversityTests" */ = {
			isa = XCConfigurationList;
			buildConfigurations = (
				532FEE771DB397DC0016226A /* Debug */,
				532FEE781DB397DC0016226A /* Release */,
			);
			defaultConfigurationIsVisible = 0;
			defaultConfigurationName = Release;
		};
		532FEE791DB397DC0016226A /* Build configuration list for PBXNativeTarget "LinkversityUITests" */ = {
			isa = XCConfigurationList;
			buildConfigurations = (
				532FEE7A1DB397DC0016226A /* Debug */,
				532FEE7B1DB397DC0016226A /* Release */,
			);
			defaultConfigurationIsVisible = 0;
			defaultConfigurationName = Release;
		};
/* End XCConfigurationList section */
	};
	rootObject = 532FEE431DB397DC0016226A /* Project object */;
}
